// !$*UTF8*$!
{
	archiveVersion = 1;
	classes = {
	};
	objectVersion = 55;
	objects = {

/* Begin PBXBuildFile section */
		92DB0A7A2827E4B80000414C /* AppDelegate.swift in Sources */ = {isa = PBXBuildFile; fileRef = 92DB0A792827E4B80000414C /* AppDelegate.swift */; };
		92DB0A7C2827E4B80000414C /* SceneDelegate.swift in Sources */ = {isa = PBXBuildFile; fileRef = 92DB0A7B2827E4B80000414C /* SceneDelegate.swift */; };
		92DB0A7E2827E4B80000414C /* DailyCosmosViewController.swift in Sources */ = {isa = PBXBuildFile; fileRef = 92DB0A7D2827E4B80000414C /* DailyCosmosViewController.swift */; };
		92DB0A812827E4B80000414C /* Main.storyboard in Resources */ = {isa = PBXBuildFile; fileRef = 92DB0A7F2827E4B80000414C /* Main.storyboard */; };
		92DB0A832827E4BC0000414C /* Assets.xcassets in Resources */ = {isa = PBXBuildFile; fileRef = 92DB0A822827E4BC0000414C /* Assets.xcassets */; };
		92DB0A862827E4BC0000414C /* LaunchScreen.storyboard in Resources */ = {isa = PBXBuildFile; fileRef = 92DB0A842827E4BC0000414C /* LaunchScreen.storyboard */; };
		92DB0A8E2827E93A0000414C /* DailyCosmosViewModel.swift in Sources */ = {isa = PBXBuildFile; fileRef = 92DB0A8D2827E93A0000414C /* DailyCosmosViewModel.swift */; };
		92DB0A902827E9DA0000414C /* DailyCosmosModel.swift in Sources */ = {isa = PBXBuildFile; fileRef = 92DB0A8F2827E9DA0000414C /* DailyCosmosModel.swift */; };
/* End PBXBuildFile section */

/* Begin PBXFileReference section */
		92DB0A762827E4B80000414C /* DailyCosmos.app */ = {isa = PBXFileReference; explicitFileType = wrapper.application; includeInIndex = 0; path = DailyCosmos.app; sourceTree = BUILT_PRODUCTS_DIR; };
		92DB0A792827E4B80000414C /* AppDelegate.swift */ = {isa = PBXFileReference; lastKnownFileType = sourcecode.swift; path = AppDelegate.swift; sourceTree = "<group>"; };
		92DB0A7B2827E4B80000414C /* SceneDelegate.swift */ = {isa = PBXFileReference; lastKnownFileType = sourcecode.swift; path = SceneDelegate.swift; sourceTree = "<group>"; };
		92DB0A7D2827E4B80000414C /* DailyCosmosViewController.swift */ = {isa = PBXFileReference; lastKnownFileType = sourcecode.swift; path = DailyCosmosViewController.swift; sourceTree = "<group>"; };
		92DB0A802827E4B80000414C /* Base */ = {isa = PBXFileReference; lastKnownFileType = file.storyboard; name = Base; path = Base.lproj/Main.storyboard; sourceTree = "<group>"; };
		92DB0A822827E4BC0000414C /* Assets.xcassets */ = {isa = PBXFileReference; lastKnownFileType = folder.assetcatalog; path = Assets.xcassets; sourceTree = "<group>"; };
		92DB0A852827E4BC0000414C /* Base */ = {isa = PBXFileReference; lastKnownFileType = file.storyboard; name = Base; path = Base.lproj/LaunchScreen.storyboard; sourceTree = "<group>"; };
		92DB0A872827E4BC0000414C /* Info.plist */ = {isa = PBXFileReference; lastKnownFileType = text.plist.xml; path = Info.plist; sourceTree = "<group>"; };
		92DB0A8D2827E93A0000414C /* DailyCosmosViewModel.swift */ = {isa = PBXFileReference; lastKnownFileType = sourcecode.swift; path = DailyCosmosViewModel.swift; sourceTree = "<group>"; };
		92DB0A8F2827E9DA0000414C /* DailyCosmosModel.swift */ = {isa = PBXFileReference; lastKnownFileType = sourcecode.swift; path = DailyCosmosModel.swift; sourceTree = "<group>"; };
/* End PBXFileReference section */

/* Begin PBXFrameworksBuildPhase section */
		92DB0A732827E4B80000414C /* Frameworks */ = {
			isa = PBXFrameworksBuildPhase;
			buildActionMask = 2147483647;
			files = (
			);
			runOnlyForDeploymentPostprocessing = 0;
		};
/* End PBXFrameworksBuildPhase section */

/* Begin PBXGroup section */
		92DB0A6D2827E4B70000414C = {
			isa = PBXGroup;
			children = (
				92DB0A782827E4B80000414C /* DailyCosmos */,
				92DB0A772827E4B80000414C /* Products */,
			);
			sourceTree = "<group>";
		};
		92DB0A772827E4B80000414C /* Products */ = {
			isa = PBXGroup;
			children = (
				92DB0A762827E4B80000414C /* DailyCosmos.app */,
			);
			name = Products;
			sourceTree = "<group>";
		};
		92DB0A782827E4B80000414C /* DailyCosmos */ = {
			isa = PBXGroup;
			children = (
				92DB0A792827E4B80000414C /* AppDelegate.swift */,
				92DB0A7B2827E4B80000414C /* SceneDelegate.swift */,
				92DB0A7D2827E4B80000414C /* DailyCosmosViewController.swift */,
				92DB0A8D2827E93A0000414C /* DailyCosmosViewModel.swift */,
				92DB0A8F2827E9DA0000414C /* DailyCosmosModel.swift */,
				92DB0A7F2827E4B80000414C /* Main.storyboard */,
				92DB0A822827E4BC0000414C /* Assets.xcassets */,
				92DB0A842827E4BC0000414C /* LaunchScreen.storyboard */,
				92DB0A872827E4BC0000414C /* Info.plist */,
			);
			path = DailyCosmos;
			sourceTree = "<group>";
		};
/* End PBXGroup section */

/* Begin PBXNativeTarget section */
		92DB0A752827E4B80000414C /* DailyCosmos */ = {
			isa = PBXNativeTarget;
			buildConfigurationList = 92DB0A8A2827E4BC0000414C /* Build configuration list for PBXNativeTarget "DailyCosmos" */;
			buildPhases = (
				92DB0A722827E4B80000414C /* Sources */,
				92DB0A732827E4B80000414C /* Frameworks */,
				92DB0A742827E4B80000414C /* Resources */,
			);
			buildRules = (
			);
			dependencies = (
			);
			name = DailyCosmos;
			productName = DailyCosmos;
			productReference = 92DB0A762827E4B80000414C /* DailyCosmos.app */;
			productType = "com.apple.product-type.application";
		};
/* End PBXNativeTarget section */

/* Begin PBXProject section */
		92DB0A6E2827E4B70000414C /* Project object */ = {
			isa = PBXProject;
			attributes = {
				BuildIndependentTargetsInParallel = 1;
				LastSwiftUpdateCheck = 1320;
				LastUpgradeCheck = 1320;
				TargetAttributes = {
					92DB0A752827E4B80000414C = {
						CreatedOnToolsVersion = 13.2.1;
					};
				};
			};
			buildConfigurationList = 92DB0A712827E4B80000414C /* Build configuration list for PBXProject "DailyCosmos" */;
			compatibilityVersion = "Xcode 13.0";
			developmentRegion = en;
			hasScannedForEncodings = 0;
			knownRegions = (
				en,
				Base,
			);
			mainGroup = 92DB0A6D2827E4B70000414C;
			productRefGroup = 92DB0A772827E4B80000414C /* Products */;
			projectDirPath = "";
			projectRoot = "";
			targets = (
				92DB0A752827E4B80000414C /* DailyCosmos */,
			);
		};
/* End PBXProject section */

/* Begin PBXResourcesBuildPhase section */
		92DB0A742827E4B80000414C /* Resources */ = {
			isa = PBXResourcesBuildPhase;
			buildActionMask = 2147483647;
			files = (
				92DB0A862827E4BC0000414C /* LaunchScreen.storyboard in Resources */,
				92DB0A832827E4BC0000414C /* Assets.xcassets in Resources */,
				92DB0A812827E4B80000414C /* Main.storyboard in Resources */,
			);
			runOnlyForDeploymentPostprocessing = 0;
		};
/* End PBXResourcesBuildPhase section */

/* Begin PBXSourcesBuildPhase section */
		92DB0A722827E4B80000414C /* Sources */ = {
			isa = PBXSourcesBuildPhase;
			buildActionMask = 2147483647;
			files = (
				92DB0A8E2827E93A0000414C /* DailyCosmosViewModel.swift in Sources */,
				92DB0A7E2827E4B80000414C /* DailyCosmosViewController.swift in Sources */,
				92DB0A7A2827E4B80000414C /* AppDelegate.swift in Sources */,
				92DB0A902827E9DA0000414C /* DailyCosmosModel.swift in Sources */,
				92DB0A7C2827E4B80000414C /* SceneDelegate.swift in Sources */,
			);
			runOnlyForDeploymentPostprocessing = 0;
		};
/* End PBXSourcesBuildPhase section */

/* Begin PBXVariantGroup section */
		92DB0A7F2827E4B80000414C /* Main.storyboard */ = {
			isa = PBXVariantGroup;
			children = (
				92DB0A802827E4B80000414C /* Base */,
			);
			name = Main.storyboard;
			sourceTree = "<group>";
		};
		92DB0A842827E4BC0000414C /* LaunchScreen.storyboard */ = {
			isa = PBXVariantGroup;
			children = (
				92DB0A852827E4BC0000414C /* Base */,
			);
			name = LaunchScreen.storyboard;
			sourceTree = "<group>";
		};
/* End PBXVariantGroup section */

/* Begin XCBuildConfiguration section */
		92DB0A882827E4BC0000414C /* Debug */ = {
			isa = XCBuildConfiguration;
			buildSettings = {
				ALWAYS_SEARCH_USER_PATHS = NO;
				CLANG_ANALYZER_NONNULL = YES;
				CLANG_ANALYZER_NUMBER_OBJECT_CONVERSION = YES_AGGRESSIVE;
				CLANG_CXX_LANGUAGE_STANDARD = "gnu++17";
				CLANG_CXX_LIBRARY = "libc++";
				CLANG_ENABLE_MODULES = YES;
				CLANG_ENABLE_OBJC_ARC = YES;
				CLANG_ENABLE_OBJC_WEAK = YES;
				CLANG_WARN_BLOCK_CAPTURE_AUTORELEASING = YES;
				CLANG_WARN_BOOL_CONVERSION = YES;
				CLANG_WARN_COMMA = YES;
				CLANG_WARN_CONSTANT_CONVERSION = YES;
				CLANG_WARN_DEPRECATED_OBJC_IMPLEMENTATIONS = YES;
				CLANG_WARN_DIRECT_OBJC_ISA_USAGE = YES_ERROR;
				CLANG_WARN_DOCUMENTATION_COMMENTS = YES;
				CLANG_WARN_EMPTY_BODY = YES;
				CLANG_WARN_ENUM_CONVERSION = YES;
				CLANG_WARN_INFINITE_RECURSION = YES;
				CLANG_WARN_INT_CONVERSION = YES;
				CLANG_WARN_NON_LITERAL_NULL_CONVERSION = YES;
				CLANG_WARN_OBJC_IMPLICIT_RETAIN_SELF = YES;
				CLANG_WARN_OBJC_LITERAL_CONVERSION = YES;
				CLANG_WARN_OBJC_ROOT_CLASS = YES_ERROR;
				CLANG_WARN_QUOTED_INCLUDE_IN_FRAMEWORK_HEADER = YES;
				CLANG_WARN_RANGE_LOOP_ANALYSIS = YES;
				CLANG_WARN_STRICT_PROTOTYPES = YES;
				CLANG_WARN_SUSPICIOUS_MOVE = YES;
				CLANG_WARN_UNGUARDED_AVAILABILITY = YES_AGGRESSIVE;
				CLANG_WARN_UNREACHABLE_CODE = YES;
				CLANG_WARN__DUPLICATE_METHOD_MATCH = YES;
				COPY_PHASE_STRIP = NO;
				DEBUG_INFORMATION_FORMAT = dwarf;
				ENABLE_STRICT_OBJC_MSGSEND = YES;
				ENABLE_TESTABILITY = YES;
				GCC_C_LANGUAGE_STANDARD = gnu11;
				GCC_DYNAMIC_NO_PIC = NO;
				GCC_NO_COMMON_BLOCKS = YES;
				GCC_OPTIMIZATION_LEVEL = 0;
				GCC_PREPROCESSOR_DEFINITIONS = (
					"DEBUG=1",
					"$(inherited)",
				);
				GCC_WARN_64_TO_32_BIT_CONVERSION = YES;
				GCC_WARN_ABOUT_RETURN_TYPE = YES_ERROR;
				GCC_WARN_UNDECLARED_SELECTOR = YES;
				GCC_WARN_UNINITIALIZED_AUTOS = YES_AGGRESSIVE;
				GCC_WARN_UNUSED_FUNCTION = YES;
				GCC_WARN_UNUSED_VARIABLE = YES;
				IPHONEOS_DEPLOYMENT_TARGET = 15.2;
				MTL_ENABLE_DEBUG_INFO = INCLUDE_SOURCE;
				MTL_FAST_MATH = YES;
				ONLY_ACTIVE_ARCH = YES;
				SDKROOT = iphoneos;
				SWIFT_ACTIVE_COMPILATION_CONDITIONS = DEBUG;
				SWIFT_OPTIMIZATION_LEVEL = "-Onone";
			};
			name = Debug;
		};
		92DB0A892827E4BC0000414C /* Release */ = {
			isa = XCBuildConfiguration;
			buildSettings = {
				ALWAYS_SEARCH_USER_PATHS = NO;
				CLANG_ANALYZER_NONNULL = YES;
				CLANG_ANALYZER_NUMBER_OBJECT_CONVERSION = YES_AGGRESSIVE;
				CLANG_CXX_LANGUAGE_STANDARD = "gnu++17";
				CLANG_CXX_LIBRARY = "libc++";
				CLANG_ENABLE_MODULES = YES;
				CLANG_ENABLE_OBJC_ARC = YES;
				CLANG_ENABLE_OBJC_WEAK = YES;
				CLANG_WARN_BLOCK_CAPTURE_AUTORELEASING = YES;
				CLANG_WARN_BOOL_CONVERSION = YES;
				CLANG_WARN_COMMA = YES;
				CLANG_WARN_CONSTANT_CONVERSION = YES;
				CLANG_WARN_DEPRECATED_OBJC_IMPLEMENTATIONS = YES;
				CLANG_WARN_DIRECT_OBJC_ISA_USAGE = YES_ERROR;
				CLANG_WARN_DOCUMENTATION_COMMENTS = YES;
				CLANG_WARN_EMPTY_BODY = YES;
				CLANG_WARN_ENUM_CONVERSION = YES;
				CLANG_WARN_INFINITE_RECURSION = YES;
				CLANG_WARN_INT_CONVERSION = YES;
				CLANG_WARN_NON_LITERAL_NULL_CONVERSION = YES;
				CLANG_WARN_OBJC_IMPLICIT_RETAIN_SELF = YES;
				CLANG_WARN_OBJC_LITERAL_CONVERSION = YES;
				CLANG_WARN_OBJC_ROOT_CLASS = YES_ERROR;
				CLANG_WARN_QUOTED_INCLUDE_IN_FRAMEWORK_HEADER = YES;
				CLANG_WARN_RANGE_LOOP_ANALYSIS = YES;
				CLANG_WARN_STRICT_PROTOTYPES = YES;
				CLANG_WARN_SUSPICIOUS_MOVE = YES;
				CLANG_WARN_UNGUARDED_AVAILABILITY = YES_AGGRESSIVE;
				CLANG_WARN_UNREACHABLE_CODE = YES;
				CLANG_WARN__DUPLICATE_METHOD_MATCH = YES;
				COPY_PHASE_STRIP = NO;
				DEBUG_INFORMATION_FORMAT = "dwarf-with-dsym";
				ENABLE_NS_ASSERTIONS = NO;
				ENABLE_STRICT_OBJC_MSGSEND = YES;
				GCC_C_LANGUAGE_STANDARD = gnu11;
				GCC_NO_COMMON_BLOCKS = YES;
				GCC_WARN_64_TO_32_BIT_CONVERSION = YES;
				GCC_WARN_ABOUT_RETURN_TYPE = YES_ERROR;
				GCC_WARN_UNDECLARED_SELECTOR = YES;
				GCC_WARN_UNINITIALIZED_AUTOS = YES_AGGRESSIVE;
				GCC_WARN_UNUSED_FUNCTION = YES;
				GCC_WARN_UNUSED_VARIABLE = YES;
				IPHONEOS_DEPLOYMENT_TARGET = 15.2;
				MTL_ENABLE_DEBUG_INFO = NO;
				MTL_FAST_MATH = YES;
				SDKROOT = iphoneos;
				SWIFT_COMPILATION_MODE = wholemodule;
				SWIFT_OPTIMIZATION_LEVEL = "-O";
				VALIDATE_PRODUCT = YES;
			};
			name = Release;
		};
		92DB0A8B2827E4BC0000414C /* Debug */ = {
			isa = XCBuildConfiguration;
			buildSettings = {
				ASSETCATALOG_COMPILER_APPICON_NAME = AppIcon;
				ASSETCATALOG_COMPILER_GLOBAL_ACCENT_COLOR_NAME = AccentColor;
				CODE_SIGN_STYLE = Automatic;
				CURRENT_PROJECT_VERSION = 1;
				DEVELOPMENT_TEAM = X8759Y9ZS3;
				GENERATE_INFOPLIST_FILE = YES;
				INFOPLIST_FILE = DailyCosmos/Info.plist;
				INFOPLIST_KEY_UIApplicationSupportsIndirectInputEvents = YES;
				INFOPLIST_KEY_UILaunchStoryboardName = LaunchScreen;
				INFOPLIST_KEY_UIMainStoryboardFile = Main;
				INFOPLIST_KEY_UISupportedInterfaceOrientations_iPad = "UIInterfaceOrientationPortrait UIInterfaceOrientationPortraitUpsideDown UIInterfaceOrientationLandscapeLeft UIInterfaceOrientationLandscapeRight";
				INFOPLIST_KEY_UISupportedInterfaceOrientations_iPhone = "UIInterfaceOrientationPortrait UIInterfaceOrientationLandscapeLeft UIInterfaceOrientationLandscapeRight";
				LD_RUNPATH_SEARCH_PATHS = (
					"$(inherited)",
					"@executable_path/Frameworks",
				);
				MARKETING_VERSION = 1.0;
				PRODUCT_BUNDLE_IDENTIFIER = com.stnrr.DailyCosmos;
				PRODUCT_NAME = "$(TARGET_NAME)";
				SWIFT_EMIT_LOC_STRINGS = YES;
				SWIFT_VERSION = 5.0;
				TARGETED_DEVICE_FAMILY = "1,2";
			};
			name = Debug;
		};
		92DB0A8C2827E4BC0000414C /* Release */ = {
			isa = XCBuildConfiguration;
			buildSettings = {
				ASSETCATALOG_COMPILER_APPICON_NAME = AppIcon;
				ASSETCATALOG_COMPILER_GLOBAL_ACCENT_COLOR_NAME = AccentColor;
				CODE_SIGN_STYLE = Automatic;
				CURRENT_PROJECT_VERSION = 1;
				DEVELOPMENT_TEAM = X8759Y9ZS3;
				GENERATE_INFOPLIST_FILE = YES;
				INFOPLIST_FILE = DailyCosmos/Info.plist;
				INFOPLIST_KEY_UIApplicationSupportsIndirectInputEvents = YES;
				INFOPLIST_KEY_UILaunchStoryboardName = LaunchScreen;
				INFOPLIST_KEY_UIMainStoryboardFile = Main;
				INFOPLIST_KEY_UISupportedInterfaceOrientations_iPad = "UIInterfaceOrientationPortrait UIInterfaceOrientationPortraitUpsideDown UIInterfaceOrientationLandscapeLeft UIInterfaceOrientationLandscapeRight";
				INFOPLIST_KEY_UISupportedInterfaceOrientations_iPhone = "UIInterfaceOrientationPortrait UIInterfaceOrientationLandscapeLeft UIInterfaceOrientationLandscapeRight";
				LD_RUNPATH_SEARCH_PATHS = (
					"$(inherited)",
					"@executable_path/Frameworks",
				);
				MARKETING_VERSION = 1.0;
				PRODUCT_BUNDLE_IDENTIFIER = com.stnrr.DailyCosmos;
				PRODUCT_NAME = "$(TARGET_NAME)";
				SWIFT_EMIT_LOC_STRINGS = YES;
				SWIFT_VERSION = 5.0;
				TARGETED_DEVICE_FAMILY = "1,2";
			};
			name = Release;
		};
/* End XCBuildConfiguration section */

/* Begin XCConfigurationList section */
		92DB0A712827E4B80000414C /* Build configuration list for PBXProject "DailyCosmos" */ = {
			isa = XCConfigurationList;
			buildConfigurations = (
				92DB0A882827E4BC0000414C /* Debug */,
				92DB0A892827E4BC0000414C /* Release */,
			);
			defaultConfigurationIsVisible = 0;
			defaultConfigurationName = Release;
		};
		92DB0A8A2827E4BC0000414C /* Build configuration list for PBXNativeTarget "DailyCosmos" */ = {
			isa = XCConfigurationList;
			buildConfigurations = (
				92DB0A8B2827E4BC0000414C /* Debug */,
				92DB0A8C2827E4BC0000414C /* Release */,
			);
			defaultConfigurationIsVisible = 0;
			defaultConfigurationName = Release;
		};
/* End XCConfigurationList section */
	};
	rootObject = 92DB0A6E2827E4B70000414C /* Project object */;
}
